// !$*UTF8*$!
{
	archiveVersion = 1;
	classes = {
	};
	objectVersion = 56;
	objects = {

/* Begin PBXBuildFile section */
		C662C9022A65266100D48EFE /* MyPortfolioApp.swift in Sources */ = {isa = PBXBuildFile; fileRef = C662C9012A65266100D48EFE /* MyPortfolioApp.swift */; };
		C662C9042A65266100D48EFE /* ContentView.swift in Sources */ = {isa = PBXBuildFile; fileRef = C662C9032A65266100D48EFE /* ContentView.swift */; };
		C662C9062A65266200D48EFE /* Assets.xcassets in Resources */ = {isa = PBXBuildFile; fileRef = C662C9052A65266200D48EFE /* Assets.xcassets */; };
		C662C90A2A65266200D48EFE /* Preview Assets.xcassets in Resources */ = {isa = PBXBuildFile; fileRef = C662C9092A65266200D48EFE /* Preview Assets.xcassets */; };
		C662C9122A65293100D48EFE /* Main.xcdatamodeld in Sources */ = {isa = PBXBuildFile; fileRef = C662C9102A65293100D48EFE /* Main.xcdatamodeld */; };
		C662C9142A6572C800D48EFE /* DataController.swift in Sources */ = {isa = PBXBuildFile; fileRef = C662C9132A6572C800D48EFE /* DataController.swift */; };
		C662C9372A66C4FB00D48EFE /* SidebarView.swift in Sources */ = {isa = PBXBuildFile; fileRef = C662C9362A66C4FB00D48EFE /* SidebarView.swift */; };
		C662C9392A66C50700D48EFE /* DetailView.swift in Sources */ = {isa = PBXBuildFile; fileRef = C662C9382A66C50700D48EFE /* DetailView.swift */; };
		C662C93B2A66C6AF00D48EFE /* Filter.swift in Sources */ = {isa = PBXBuildFile; fileRef = C662C93A2A66C6AF00D48EFE /* Filter.swift */; };
		C662C9452A67BFFC00D48EFE /* Issue-CoreDataHelpers.swift in Sources */ = {isa = PBXBuildFile; fileRef = C662C9442A67BFFC00D48EFE /* Issue-CoreDataHelpers.swift */; };
		C662C9472A67C15700D48EFE /* Tag-CoreDataHelpers.swift in Sources */ = {isa = PBXBuildFile; fileRef = C662C9462A67C15700D48EFE /* Tag-CoreDataHelpers.swift */; };
		C662C9492A67C94900D48EFE /* IssueRow.swift in Sources */ = {isa = PBXBuildFile; fileRef = C662C9482A67C94900D48EFE /* IssueRow.swift */; };
		C662C94B2A67D9C500D48EFE /* IssueView.swift in Sources */ = {isa = PBXBuildFile; fileRef = C662C94A2A67D9C500D48EFE /* IssueView.swift */; };
		C662C94E2A67D9E600D48EFE /* NoIssueView.swift in Sources */ = {isa = PBXBuildFile; fileRef = C662C94D2A67D9E600D48EFE /* NoIssueView.swift */; };
		C662C9522A69720000D48EFE /* Bundle-Decodable.swift in Sources */ = {isa = PBXBuildFile; fileRef = C662C9512A69720000D48EFE /* Bundle-Decodable.swift */; };
		C662C95C2A69771E00D48EFE /* Colors.xcassets in Resources */ = {isa = PBXBuildFile; fileRef = C662C95A2A69771E00D48EFE /* Colors.xcassets */; };
		C662C95E2A69773F00D48EFE /* Award.swift in Sources */ = {isa = PBXBuildFile; fileRef = C662C95D2A69773F00D48EFE /* Award.swift */; };
		C662C9602A69778E00D48EFE /* AwardsView.swift in Sources */ = {isa = PBXBuildFile; fileRef = C662C95F2A69778E00D48EFE /* AwardsView.swift */; };
		C6DC5C7D2A6BB9C500512469 /* Localizable.strings in Resources */ = {isa = PBXBuildFile; fileRef = C6DC5C7F2A6BB9C500512469 /* Localizable.strings */; };
		C6DC5C822A6BBA8F00512469 /* Localizable.stringsdict in Resources */ = {isa = PBXBuildFile; fileRef = C6DC5C842A6BBA8F00512469 /* Localizable.stringsdict */; };
		C6DC5C862A6BC0F700512469 /* Awards.json in Resources */ = {isa = PBXBuildFile; fileRef = C6DC5C882A6BC0F700512469 /* Awards.json */; };
/* End PBXBuildFile section */

/* Begin PBXFileReference section */
		C662C8FE2A65266100D48EFE /* MyPortfolio.app */ = {isa = PBXFileReference; explicitFileType = wrapper.application; includeInIndex = 0; path = MyPortfolio.app; sourceTree = BUILT_PRODUCTS_DIR; };
		C662C9012A65266100D48EFE /* MyPortfolioApp.swift */ = {isa = PBXFileReference; lastKnownFileType = sourcecode.swift; path = MyPortfolioApp.swift; sourceTree = "<group>"; };
		C662C9032A65266100D48EFE /* ContentView.swift */ = {isa = PBXFileReference; lastKnownFileType = sourcecode.swift; path = ContentView.swift; sourceTree = "<group>"; };
		C662C9052A65266200D48EFE /* Assets.xcassets */ = {isa = PBXFileReference; lastKnownFileType = folder.assetcatalog; path = Assets.xcassets; sourceTree = "<group>"; };
		C662C9072A65266200D48EFE /* MyPortfolio.entitlements */ = {isa = PBXFileReference; lastKnownFileType = text.plist.entitlements; path = MyPortfolio.entitlements; sourceTree = "<group>"; };
		C662C9092A65266200D48EFE /* Preview Assets.xcassets */ = {isa = PBXFileReference; lastKnownFileType = folder.assetcatalog; path = "Preview Assets.xcassets"; sourceTree = "<group>"; };
		C662C9112A65293100D48EFE /* Main.xcdatamodel */ = {isa = PBXFileReference; lastKnownFileType = wrapper.xcdatamodel; path = Main.xcdatamodel; sourceTree = "<group>"; };
		C662C9132A6572C800D48EFE /* DataController.swift */ = {isa = PBXFileReference; lastKnownFileType = sourcecode.swift; path = DataController.swift; sourceTree = "<group>"; };
		C662C9152A657CD600D48EFE /* Info.plist */ = {isa = PBXFileReference; lastKnownFileType = text.plist; path = Info.plist; sourceTree = "<group>"; };
		C662C9362A66C4FB00D48EFE /* SidebarView.swift */ = {isa = PBXFileReference; lastKnownFileType = sourcecode.swift; path = SidebarView.swift; sourceTree = "<group>"; };
		C662C9382A66C50700D48EFE /* DetailView.swift */ = {isa = PBXFileReference; lastKnownFileType = sourcecode.swift; path = DetailView.swift; sourceTree = "<group>"; };
		C662C93A2A66C6AF00D48EFE /* Filter.swift */ = {isa = PBXFileReference; lastKnownFileType = sourcecode.swift; path = Filter.swift; sourceTree = "<group>"; };
		C662C9442A67BFFC00D48EFE /* Issue-CoreDataHelpers.swift */ = {isa = PBXFileReference; lastKnownFileType = sourcecode.swift; path = "Issue-CoreDataHelpers.swift"; sourceTree = "<group>"; };
		C662C9462A67C15700D48EFE /* Tag-CoreDataHelpers.swift */ = {isa = PBXFileReference; lastKnownFileType = sourcecode.swift; path = "Tag-CoreDataHelpers.swift"; sourceTree = "<group>"; };
		C662C9482A67C94900D48EFE /* IssueRow.swift */ = {isa = PBXFileReference; lastKnownFileType = sourcecode.swift; path = IssueRow.swift; sourceTree = "<group>"; };
		C662C94A2A67D9C500D48EFE /* IssueView.swift */ = {isa = PBXFileReference; lastKnownFileType = sourcecode.swift; path = IssueView.swift; sourceTree = "<group>"; };
		C662C94D2A67D9E600D48EFE /* NoIssueView.swift */ = {isa = PBXFileReference; lastKnownFileType = sourcecode.swift; path = NoIssueView.swift; sourceTree = "<group>"; };
		C662C9512A69720000D48EFE /* Bundle-Decodable.swift */ = {isa = PBXFileReference; lastKnownFileType = sourcecode.swift; path = "Bundle-Decodable.swift"; sourceTree = "<group>"; };
		C662C95A2A69771E00D48EFE /* Colors.xcassets */ = {isa = PBXFileReference; lastKnownFileType = folder.assetcatalog; path = Colors.xcassets; sourceTree = "<group>"; };
		C662C95D2A69773F00D48EFE /* Award.swift */ = {isa = PBXFileReference; lastKnownFileType = sourcecode.swift; path = Award.swift; sourceTree = "<group>"; };
		C662C95F2A69778E00D48EFE /* AwardsView.swift */ = {isa = PBXFileReference; lastKnownFileType = sourcecode.swift; path = AwardsView.swift; sourceTree = "<group>"; };
		C6DC5C7E2A6BB9C500512469 /* en */ = {isa = PBXFileReference; lastKnownFileType = text.plist.strings; name = en; path = en.lproj/Localizable.strings; sourceTree = "<group>"; };
		C6DC5C812A6BB9ED00512469 /* ja */ = {isa = PBXFileReference; lastKnownFileType = text.plist.strings; name = ja; path = ja.lproj/Localizable.strings; sourceTree = "<group>"; };
		C6DC5C832A6BBA8F00512469 /* en */ = {isa = PBXFileReference; lastKnownFileType = text.plist.stringsdict; name = en; path = en.lproj/Localizable.stringsdict; sourceTree = "<group>"; };
		C6DC5C852A6BBA9200512469 /* ja */ = {isa = PBXFileReference; lastKnownFileType = text.plist.stringsdict; name = ja; path = ja.lproj/Localizable.stringsdict; sourceTree = "<group>"; };
		C6DC5C872A6BC0F700512469 /* en */ = {isa = PBXFileReference; lastKnownFileType = text.json; name = en; path = en.lproj/Awards.json; sourceTree = "<group>"; };
		C6DC5C892A6BC0F900512469 /* ja */ = {isa = PBXFileReference; lastKnownFileType = text.json; name = ja; path = ja.lproj/Awards.json; sourceTree = "<group>"; };
/* End PBXFileReference section */

/* Begin PBXFrameworksBuildPhase section */
		C662C8FB2A65266100D48EFE /* Frameworks */ = {
			isa = PBXFrameworksBuildPhase;
			buildActionMask = 2147483647;
			files = (
			);
			runOnlyForDeploymentPostprocessing = 0;
		};
/* End PBXFrameworksBuildPhase section */

/* Begin PBXGroup section */
		C662C8F52A65266100D48EFE = {
			isa = PBXGroup;
			children = (
				C662C9002A65266100D48EFE /* MyPortfolio */,
				C662C8FF2A65266100D48EFE /* Products */,
			);
			sourceTree = "<group>";
		};
		C662C8FF2A65266100D48EFE /* Products */ = {
			isa = PBXGroup;
			children = (
				C662C8FE2A65266100D48EFE /* MyPortfolio.app */,
			);
			name = Products;
			sourceTree = "<group>";
		};
		C662C9002A65266100D48EFE /* MyPortfolio */ = {
			isa = PBXGroup;
			children = (
				C662C9152A657CD600D48EFE /* Info.plist */,
				C662C9012A65266100D48EFE /* MyPortfolioApp.swift */,
				C662C94C2A67D9C900D48EFE /* Views */,
				C662C9132A6572C800D48EFE /* DataController.swift */,
				C662C93A2A66C6AF00D48EFE /* Filter.swift */,
				C662C95D2A69773F00D48EFE /* Award.swift */,
				C6DC5C7F2A6BB9C500512469 /* Localizable.strings */,
				C6DC5C842A6BBA8F00512469 /* Localizable.stringsdict */,
				C662C94F2A67DDAC00D48EFE /* Helpers */,
				C6DC5C882A6BC0F700512469 /* Awards.json */,
				C662C95A2A69771E00D48EFE /* Colors.xcassets */,
				C662C9052A65266200D48EFE /* Assets.xcassets */,
				C662C9102A65293100D48EFE /* Main.xcdatamodeld */,
				C662C9072A65266200D48EFE /* MyPortfolio.entitlements */,
				C662C9082A65266200D48EFE /* Preview Content */,
			);
			path = MyPortfolio;
			sourceTree = "<group>";
		};
		C662C9082A65266200D48EFE /* Preview Content */ = {
			isa = PBXGroup;
			children = (
				C662C9092A65266200D48EFE /* Preview Assets.xcassets */,
			);
			path = "Preview Content";
			sourceTree = "<group>";
		};
		C662C94C2A67D9C900D48EFE /* Views */ = {
			isa = PBXGroup;
			children = (
				C662C9032A65266100D48EFE /* ContentView.swift */,
				C662C94A2A67D9C500D48EFE /* IssueView.swift */,
				C662C9482A67C94900D48EFE /* IssueRow.swift */,
				C662C9362A66C4FB00D48EFE /* SidebarView.swift */,
				C662C9382A66C50700D48EFE /* DetailView.swift */,
				C662C94D2A67D9E600D48EFE /* NoIssueView.swift */,
				C662C95F2A69778E00D48EFE /* AwardsView.swift */,
			);
			path = Views;
			sourceTree = "<group>";
		};
		C662C94F2A67DDAC00D48EFE /* Helpers */ = {
			isa = PBXGroup;
			children = (
				C662C9442A67BFFC00D48EFE /* Issue-CoreDataHelpers.swift */,
				C662C9462A67C15700D48EFE /* Tag-CoreDataHelpers.swift */,
				C662C9512A69720000D48EFE /* Bundle-Decodable.swift */,
			);
			path = Helpers;
			sourceTree = "<group>";
		};
/* End PBXGroup section */

/* Begin PBXNativeTarget section */
		C662C8FD2A65266100D48EFE /* MyPortfolio */ = {
			isa = PBXNativeTarget;
			buildConfigurationList = C662C90D2A65266200D48EFE /* Build configuration list for PBXNativeTarget "MyPortfolio" */;
			buildPhases = (
				C662C8FA2A65266100D48EFE /* Sources */,
				C662C8FB2A65266100D48EFE /* Frameworks */,
				C662C8FC2A65266100D48EFE /* Resources */,
			);
			buildRules = (
			);
			dependencies = (
			);
			name = MyPortfolio;
			productName = MyPortfolio;
			productReference = C662C8FE2A65266100D48EFE /* MyPortfolio.app */;
			productType = "com.apple.product-type.application";
		};
/* End PBXNativeTarget section */

/* Begin PBXProject section */
		C662C8F62A65266100D48EFE /* Project object */ = {
			isa = PBXProject;
			attributes = {
				BuildIndependentTargetsInParallel = 1;
				LastSwiftUpdateCheck = 1420;
				LastUpgradeCheck = 1420;
				TargetAttributes = {
					C662C8FD2A65266100D48EFE = {
						CreatedOnToolsVersion = 14.2;
					};
				};
			};
			buildConfigurationList = C662C8F92A65266100D48EFE /* Build configuration list for PBXProject "MyPortfolio" */;
			compatibilityVersion = "Xcode 14.0";
			developmentRegion = en;
			hasScannedForEncodings = 0;
			knownRegions = (
				en,
				Base,
				ja,
			);
			mainGroup = C662C8F52A65266100D48EFE;
			productRefGroup = C662C8FF2A65266100D48EFE /* Products */;
			projectDirPath = "";
			projectRoot = "";
			targets = (
				C662C8FD2A65266100D48EFE /* MyPortfolio */,
			);
		};
/* End PBXProject section */

/* Begin PBXResourcesBuildPhase section */
		C662C8FC2A65266100D48EFE /* Resources */ = {
			isa = PBXResourcesBuildPhase;
			buildActionMask = 2147483647;
			files = (
				C6DC5C7D2A6BB9C500512469 /* Localizable.strings in Resources */,
				C662C90A2A65266200D48EFE /* Preview Assets.xcassets in Resources */,
				C662C95C2A69771E00D48EFE /* Colors.xcassets in Resources */,
				C6DC5C862A6BC0F700512469 /* Awards.json in Resources */,
				C662C9062A65266200D48EFE /* Assets.xcassets in Resources */,
				C6DC5C822A6BBA8F00512469 /* Localizable.stringsdict in Resources */,
			);
			runOnlyForDeploymentPostprocessing = 0;
		};
/* End PBXResourcesBuildPhase section */

/* Begin PBXSourcesBuildPhase section */
		C662C8FA2A65266100D48EFE /* Sources */ = {
			isa = PBXSourcesBuildPhase;
			buildActionMask = 2147483647;
			files = (
				C662C93B2A66C6AF00D48EFE /* Filter.swift in Sources */,
				C662C95E2A69773F00D48EFE /* Award.swift in Sources */,
				C662C9602A69778E00D48EFE /* AwardsView.swift in Sources */,
				C662C9472A67C15700D48EFE /* Tag-CoreDataHelpers.swift in Sources */,
				C662C9122A65293100D48EFE /* Main.xcdatamodeld in Sources */,
				C662C9452A67BFFC00D48EFE /* Issue-CoreDataHelpers.swift in Sources */,
				C662C9522A69720000D48EFE /* Bundle-Decodable.swift in Sources */,
				C662C9392A66C50700D48EFE /* DetailView.swift in Sources */,
				C662C9142A6572C800D48EFE /* DataController.swift in Sources */,
				C662C9372A66C4FB00D48EFE /* SidebarView.swift in Sources */,
				C662C9042A65266100D48EFE /* ContentView.swift in Sources */,
				C662C94B2A67D9C500D48EFE /* IssueView.swift in Sources */,
				C662C94E2A67D9E600D48EFE /* NoIssueView.swift in Sources */,
				C662C9492A67C94900D48EFE /* IssueRow.swift in Sources */,
				C662C9022A65266100D48EFE /* MyPortfolioApp.swift in Sources */,
			);
			runOnlyForDeploymentPostprocessing = 0;
		};
/* End PBXSourcesBuildPhase section */

/* Begin PBXVariantGroup section */
		C6DC5C7F2A6BB9C500512469 /* Localizable.strings */ = {
			isa = PBXVariantGroup;
			children = (
				C6DC5C7E2A6BB9C500512469 /* en */,
				C6DC5C812A6BB9ED00512469 /* ja */,
			);
			name = Localizable.strings;
			sourceTree = "<group>";
		};
		C6DC5C842A6BBA8F00512469 /* Localizable.stringsdict */ = {
			isa = PBXVariantGroup;
			children = (
				C6DC5C832A6BBA8F00512469 /* en */,
				C6DC5C852A6BBA9200512469 /* ja */,
			);
			name = Localizable.stringsdict;
			sourceTree = "<group>";
		};
		C6DC5C882A6BC0F700512469 /* Awards.json */ = {
			isa = PBXVariantGroup;
			children = (
				C6DC5C872A6BC0F700512469 /* en */,
				C6DC5C892A6BC0F900512469 /* ja */,
			);
			name = Awards.json;
			sourceTree = "<group>";
		};
/* End PBXVariantGroup section */

/* Begin XCBuildConfiguration section */
		C662C90B2A65266200D48EFE /* Debug */ = {
			isa = XCBuildConfiguration;
			buildSettings = {
				ALWAYS_SEARCH_USER_PATHS = NO;
				CLANG_ANALYZER_NONNULL = YES;
				CLANG_ANALYZER_NUMBER_OBJECT_CONVERSION = YES_AGGRESSIVE;
				CLANG_CXX_LANGUAGE_STANDARD = "gnu++20";
				CLANG_ENABLE_MODULES = YES;
				CLANG_ENABLE_OBJC_ARC = YES;
				CLANG_ENABLE_OBJC_WEAK = YES;
				CLANG_WARN_BLOCK_CAPTURE_AUTORELEASING = YES;
				CLANG_WARN_BOOL_CONVERSION = YES;
				CLANG_WARN_COMMA = YES;
				CLANG_WARN_CONSTANT_CONVERSION = YES;
				CLANG_WARN_DEPRECATED_OBJC_IMPLEMENTATIONS = YES;
				CLANG_WARN_DIRECT_OBJC_ISA_USAGE = YES_ERROR;
				CLANG_WARN_DOCUMENTATION_COMMENTS = YES;
				CLANG_WARN_EMPTY_BODY = YES;
				CLANG_WARN_ENUM_CONVERSION = YES;
				CLANG_WARN_INFINITE_RECURSION = YES;
				CLANG_WARN_INT_CONVERSION = YES;
				CLANG_WARN_NON_LITERAL_NULL_CONVERSION = YES;
				CLANG_WARN_OBJC_IMPLICIT_RETAIN_SELF = YES;
				CLANG_WARN_OBJC_LITERAL_CONVERSION = YES;
				CLANG_WARN_OBJC_ROOT_CLASS = YES_ERROR;
				CLANG_WARN_QUOTED_INCLUDE_IN_FRAMEWORK_HEADER = YES;
				CLANG_WARN_RANGE_LOOP_ANALYSIS = YES;
				CLANG_WARN_STRICT_PROTOTYPES = YES;
				CLANG_WARN_SUSPICIOUS_MOVE = YES;
				CLANG_WARN_UNGUARDED_AVAILABILITY = YES_AGGRESSIVE;
				CLANG_WARN_UNREACHABLE_CODE = YES;
				CLANG_WARN__DUPLICATE_METHOD_MATCH = YES;
				COPY_PHASE_STRIP = NO;
				DEBUG_INFORMATION_FORMAT = dwarf;
				ENABLE_STRICT_OBJC_MSGSEND = YES;
				ENABLE_TESTABILITY = YES;
				GCC_C_LANGUAGE_STANDARD = gnu11;
				GCC_DYNAMIC_NO_PIC = NO;
				GCC_NO_COMMON_BLOCKS = YES;
				GCC_OPTIMIZATION_LEVEL = 0;
				GCC_PREPROCESSOR_DEFINITIONS = (
					"DEBUG=1",
					"$(inherited)",
				);
				GCC_WARN_64_TO_32_BIT_CONVERSION = YES;
				GCC_WARN_ABOUT_RETURN_TYPE = YES_ERROR;
				GCC_WARN_UNDECLARED_SELECTOR = YES;
				GCC_WARN_UNINITIALIZED_AUTOS = YES_AGGRESSIVE;
				GCC_WARN_UNUSED_FUNCTION = YES;
				GCC_WARN_UNUSED_VARIABLE = YES;
				MTL_ENABLE_DEBUG_INFO = INCLUDE_SOURCE;
				MTL_FAST_MATH = YES;
				ONLY_ACTIVE_ARCH = YES;
				SWIFT_ACTIVE_COMPILATION_CONDITIONS = DEBUG;
				SWIFT_OPTIMIZATION_LEVEL = "-Onone";
			};
			name = Debug;
		};
		C662C90C2A65266200D48EFE /* Release */ = {
			isa = XCBuildConfiguration;
			buildSettings = {
				ALWAYS_SEARCH_USER_PATHS = NO;
				CLANG_ANALYZER_NONNULL = YES;
				CLANG_ANALYZER_NUMBER_OBJECT_CONVERSION = YES_AGGRESSIVE;
				CLANG_CXX_LANGUAGE_STANDARD = "gnu++20";
				CLANG_ENABLE_MODULES = YES;
				CLANG_ENABLE_OBJC_ARC = YES;
				CLANG_ENABLE_OBJC_WEAK = YES;
				CLANG_WARN_BLOCK_CAPTURE_AUTORELEASING = YES;
				CLANG_WARN_BOOL_CONVERSION = YES;
				CLANG_WARN_COMMA = YES;
				CLANG_WARN_CONSTANT_CONVERSION = YES;
				CLANG_WARN_DEPRECATED_OBJC_IMPLEMENTATIONS = YES;
				CLANG_WARN_DIRECT_OBJC_ISA_USAGE = YES_ERROR;
				CLANG_WARN_DOCUMENTATION_COMMENTS = YES;
				CLANG_WARN_EMPTY_BODY = YES;
				CLANG_WARN_ENUM_CONVERSION = YES;
				CLANG_WARN_INFINITE_RECURSION = YES;
				CLANG_WARN_INT_CONVERSION = YES;
				CLANG_WARN_NON_LITERAL_NULL_CONVERSION = YES;
				CLANG_WARN_OBJC_IMPLICIT_RETAIN_SELF = YES;
				CLANG_WARN_OBJC_LITERAL_CONVERSION = YES;
				CLANG_WARN_OBJC_ROOT_CLASS = YES_ERROR;
				CLANG_WARN_QUOTED_INCLUDE_IN_FRAMEWORK_HEADER = YES;
				CLANG_WARN_RANGE_LOOP_ANALYSIS = YES;
				CLANG_WARN_STRICT_PROTOTYPES = YES;
				CLANG_WARN_SUSPICIOUS_MOVE = YES;
				CLANG_WARN_UNGUARDED_AVAILABILITY = YES_AGGRESSIVE;
				CLANG_WARN_UNREACHABLE_CODE = YES;
				CLANG_WARN__DUPLICATE_METHOD_MATCH = YES;
				COPY_PHASE_STRIP = NO;
				DEBUG_INFORMATION_FORMAT = "dwarf-with-dsym";
				ENABLE_NS_ASSERTIONS = NO;
				ENABLE_STRICT_OBJC_MSGSEND = YES;
				GCC_C_LANGUAGE_STANDARD = gnu11;
				GCC_NO_COMMON_BLOCKS = YES;
				GCC_WARN_64_TO_32_BIT_CONVERSION = YES;
				GCC_WARN_ABOUT_RETURN_TYPE = YES_ERROR;
				GCC_WARN_UNDECLARED_SELECTOR = YES;
				GCC_WARN_UNINITIALIZED_AUTOS = YES_AGGRESSIVE;
				GCC_WARN_UNUSED_FUNCTION = YES;
				GCC_WARN_UNUSED_VARIABLE = YES;
				MTL_ENABLE_DEBUG_INFO = NO;
				MTL_FAST_MATH = YES;
				SWIFT_COMPILATION_MODE = wholemodule;
				SWIFT_OPTIMIZATION_LEVEL = "-O";
			};
			name = Release;
		};
		C662C90E2A65266200D48EFE /* Debug */ = {
			isa = XCBuildConfiguration;
			buildSettings = {
				ASSETCATALOG_COMPILER_APPICON_NAME = AppIcon;
				ASSETCATALOG_COMPILER_GLOBAL_ACCENT_COLOR_NAME = AccentColor;
				CODE_SIGN_ENTITLEMENTS = MyPortfolio/MyPortfolio.entitlements;
				CODE_SIGN_IDENTITY = "Apple Development";
				CODE_SIGN_STYLE = Automatic;
				CURRENT_PROJECT_VERSION = 1;
				DEVELOPMENT_ASSET_PATHS = "\"MyPortfolio/Preview Content\"";
				DEVELOPMENT_TEAM = T58Z8DUFMC;
				ENABLE_HARDENED_RUNTIME = YES;
				ENABLE_PREVIEWS = YES;
				GENERATE_INFOPLIST_FILE = YES;
				INFOPLIST_FILE = MyPortfolio/Info.plist;
				"INFOPLIST_KEY_UIApplicationSceneManifest_Generation[sdk=iphoneos*]" = YES;
				"INFOPLIST_KEY_UIApplicationSceneManifest_Generation[sdk=iphonesimulator*]" = YES;
				"INFOPLIST_KEY_UIApplicationSupportsIndirectInputEvents[sdk=iphoneos*]" = YES;
				"INFOPLIST_KEY_UIApplicationSupportsIndirectInputEvents[sdk=iphonesimulator*]" = YES;
				"INFOPLIST_KEY_UILaunchScreen_Generation[sdk=iphoneos*]" = YES;
				"INFOPLIST_KEY_UILaunchScreen_Generation[sdk=iphonesimulator*]" = YES;
				"INFOPLIST_KEY_UIStatusBarStyle[sdk=iphoneos*]" = UIStatusBarStyleDefault;
				"INFOPLIST_KEY_UIStatusBarStyle[sdk=iphonesimulator*]" = UIStatusBarStyleDefault;
				INFOPLIST_KEY_UISupportedInterfaceOrientations_iPad = "UIInterfaceOrientationPortrait UIInterfaceOrientationPortraitUpsideDown UIInterfaceOrientationLandscapeLeft UIInterfaceOrientationLandscapeRight";
				INFOPLIST_KEY_UISupportedInterfaceOrientations_iPhone = "UIInterfaceOrientationPortrait UIInterfaceOrientationLandscapeLeft UIInterfaceOrientationLandscapeRight";
				IPHONEOS_DEPLOYMENT_TARGET = 16.2;
				LD_RUNPATH_SEARCH_PATHS = "@executable_path/Frameworks";
				"LD_RUNPATH_SEARCH_PATHS[sdk=macosx*]" = "@executable_path/../Frameworks";
				MACOSX_DEPLOYMENT_TARGET = 13.0;
				MARKETING_VERSION = 1.0;
				PRODUCT_BUNDLE_IDENTIFIER = com.taiseishinoda.MyPortfolio;
				PRODUCT_NAME = "$(TARGET_NAME)";
				PROVISIONING_PROFILE_SPECIFIER = "";
				SDKROOT = auto;
				SUPPORTED_PLATFORMS = "iphoneos iphonesimulator macosx";
				SWIFT_EMIT_LOC_STRINGS = YES;
				SWIFT_VERSION = 5.0;
				TARGETED_DEVICE_FAMILY = "1,2";
			};
			name = Debug;
		};
		C662C90F2A65266200D48EFE /* Release */ = {
			isa = XCBuildConfiguration;
			buildSettings = {
				ASSETCATALOG_COMPILER_APPICON_NAME = AppIcon;
				ASSETCATALOG_COMPILER_GLOBAL_ACCENT_COLOR_NAME = AccentColor;
				CODE_SIGN_ENTITLEMENTS = MyPortfolio/MyPortfolio.entitlements;
				CODE_SIGN_IDENTITY = "Apple Development";
				CODE_SIGN_STYLE = Automatic;
				CURRENT_PROJECT_VERSION = 1;
				DEVELOPMENT_ASSET_PATHS = "\"MyPortfolio/Preview Content\"";
				DEVELOPMENT_TEAM = T58Z8DUFMC;
				ENABLE_HARDENED_RUNTIME = YES;
				ENABLE_PREVIEWS = YES;
				GENERATE_INFOPLIST_FILE = YES;
				INFOPLIST_FILE = MyPortfolio/Info.plist;
				"INFOPLIST_KEY_UIApplicationSceneManifest_Generation[sdk=iphoneos*]" = YES;
				"INFOPLIST_KEY_UIApplicationSceneManifest_Generation[sdk=iphonesimulator*]" = YES;
				"INFOPLIST_KEY_UIApplicationSupportsIndirectInputEvents[sdk=iphoneos*]" = YES;
				"INFOPLIST_KEY_UIApplicationSupportsIndirectInputEvents[sdk=iphonesimulator*]" = YES;
				"INFOPLIST_KEY_UILaunchScreen_Generation[sdk=iphoneos*]" = YES;
				"INFOPLIST_KEY_UILaunchScreen_Generation[sdk=iphonesimulator*]" = YES;
				"INFOPLIST_KEY_UIStatusBarStyle[sdk=iphoneos*]" = UIStatusBarStyleDefault;
				"INFOPLIST_KEY_UIStatusBarStyle[sdk=iphonesimulator*]" = UIStatusBarStyleDefault;
				INFOPLIST_KEY_UISupportedInterfaceOrientations_iPad = "UIInterfaceOrientationPortrait UIInterfaceOrientationPortraitUpsideDown UIInterfaceOrientationLandscapeLeft UIInterfaceOrientationLandscapeRight";
				INFOPLIST_KEY_UISupportedInterfaceOrientations_iPhone = "UIInterfaceOrientationPortrait UIInterfaceOrientationLandscapeLeft UIInterfaceOrientationLandscapeRight";
				IPHONEOS_DEPLOYMENT_TARGET = 16.2;
				LD_RUNPATH_SEARCH_PATHS = "@executable_path/Frameworks";
				"LD_RUNPATH_SEARCH_PATHS[sdk=macosx*]" = "@executable_path/../Frameworks";
				MACOSX_DEPLOYMENT_TARGET = 13.0;
				MARKETING_VERSION = 1.0;
				PRODUCT_BUNDLE_IDENTIFIER = com.taiseishinoda.MyPortfolio;
				PRODUCT_NAME = "$(TARGET_NAME)";
				PROVISIONING_PROFILE_SPECIFIER = "";
				SDKROOT = auto;
				SUPPORTED_PLATFORMS = "iphoneos iphonesimulator macosx";
				SWIFT_EMIT_LOC_STRINGS = YES;
				SWIFT_VERSION = 5.0;
				TARGETED_DEVICE_FAMILY = "1,2";
			};
			name = Release;
		};
/* End XCBuildConfiguration section */

/* Begin XCConfigurationList section */
		C662C8F92A65266100D48EFE /* Build configuration list for PBXProject "MyPortfolio" */ = {
			isa = XCConfigurationList;
			buildConfigurations = (
				C662C90B2A65266200D48EFE /* Debug */,
				C662C90C2A65266200D48EFE /* Release */,
			);
			defaultConfigurationIsVisible = 0;
			defaultConfigurationName = Release;
		};
		C662C90D2A65266200D48EFE /* Build configuration list for PBXNativeTarget "MyPortfolio" */ = {
			isa = XCConfigurationList;
			buildConfigurations = (
				C662C90E2A65266200D48EFE /* Debug */,
				C662C90F2A65266200D48EFE /* Release */,
			);
			defaultConfigurationIsVisible = 0;
			defaultConfigurationName = Release;
		};
/* End XCConfigurationList section */

/* Begin XCVersionGroup section */
		C662C9102A65293100D48EFE /* Main.xcdatamodeld */ = {
			isa = XCVersionGroup;
			children = (
				C662C9112A65293100D48EFE /* Main.xcdatamodel */,
			);
			currentVersion = C662C9112A65293100D48EFE /* Main.xcdatamodel */;
			path = Main.xcdatamodeld;
			sourceTree = "<group>";
			versionGroupType = wrapper.xcdatamodel;
		};
/* End XCVersionGroup section */
	};
	rootObject = C662C8F62A65266100D48EFE /* Project object */;
}
