// !$*UTF8*$!
{
	archiveVersion = 1;
	classes = {
	};
	objectVersion = 56;
	objects = {

/* Begin PBXBuildFile section */
		C626E0902A93A3D100E1C28A /* MyPortfolioUITests.swift in Sources */ = {isa = PBXBuildFile; fileRef = C626E08F2A93A3D100E1C28A /* MyPortfolioUITests.swift */; };
		C626E0922A93A3D100E1C28A /* MyPortfolioUITestsLaunchTests.swift in Sources */ = {isa = PBXBuildFile; fileRef = C626E0912A93A3D100E1C28A /* MyPortfolioUITestsLaunchTests.swift */; };
		C642C90A2AEBB7B10064484D /* DataController-Notifications.swift in Sources */ = {isa = PBXBuildFile; fileRef = C642C9092AEBB7B10064484D /* DataController-Notifications.swift */; };
		C662C9022A65266100D48EFE /* MyPortfolioApp.swift in Sources */ = {isa = PBXBuildFile; fileRef = C662C9012A65266100D48EFE /* MyPortfolioApp.swift */; };
		C662C9042A65266100D48EFE /* ContentView.swift in Sources */ = {isa = PBXBuildFile; fileRef = C662C9032A65266100D48EFE /* ContentView.swift */; };
		C662C9062A65266200D48EFE /* Assets.xcassets in Resources */ = {isa = PBXBuildFile; fileRef = C662C9052A65266200D48EFE /* Assets.xcassets */; };
		C662C90A2A65266200D48EFE /* Preview Assets.xcassets in Resources */ = {isa = PBXBuildFile; fileRef = C662C9092A65266200D48EFE /* Preview Assets.xcassets */; };
		C662C9122A65293100D48EFE /* Main.xcdatamodeld in Sources */ = {isa = PBXBuildFile; fileRef = C662C9102A65293100D48EFE /* Main.xcdatamodeld */; };
		C662C9142A6572C800D48EFE /* DataController.swift in Sources */ = {isa = PBXBuildFile; fileRef = C662C9132A6572C800D48EFE /* DataController.swift */; };
		C662C9372A66C4FB00D48EFE /* SidebarView.swift in Sources */ = {isa = PBXBuildFile; fileRef = C662C9362A66C4FB00D48EFE /* SidebarView.swift */; };
		C662C9392A66C50700D48EFE /* DetailView.swift in Sources */ = {isa = PBXBuildFile; fileRef = C662C9382A66C50700D48EFE /* DetailView.swift */; };
		C662C93B2A66C6AF00D48EFE /* Filter.swift in Sources */ = {isa = PBXBuildFile; fileRef = C662C93A2A66C6AF00D48EFE /* Filter.swift */; };
		C662C9452A67BFFC00D48EFE /* Issue-CoreDataHelpers.swift in Sources */ = {isa = PBXBuildFile; fileRef = C662C9442A67BFFC00D48EFE /* Issue-CoreDataHelpers.swift */; };
		C662C9472A67C15700D48EFE /* Tag-CoreDataHelpers.swift in Sources */ = {isa = PBXBuildFile; fileRef = C662C9462A67C15700D48EFE /* Tag-CoreDataHelpers.swift */; };
		C662C9492A67C94900D48EFE /* IssueRow.swift in Sources */ = {isa = PBXBuildFile; fileRef = C662C9482A67C94900D48EFE /* IssueRow.swift */; };
		C662C94B2A67D9C500D48EFE /* IssueView.swift in Sources */ = {isa = PBXBuildFile; fileRef = C662C94A2A67D9C500D48EFE /* IssueView.swift */; };
		C662C94E2A67D9E600D48EFE /* NoIssueView.swift in Sources */ = {isa = PBXBuildFile; fileRef = C662C94D2A67D9E600D48EFE /* NoIssueView.swift */; };
		C662C9522A69720000D48EFE /* Bundle-Decodable.swift in Sources */ = {isa = PBXBuildFile; fileRef = C662C9512A69720000D48EFE /* Bundle-Decodable.swift */; };
		C662C95C2A69771E00D48EFE /* Colors.xcassets in Resources */ = {isa = PBXBuildFile; fileRef = C662C95A2A69771E00D48EFE /* Colors.xcassets */; };
		C662C95E2A69773F00D48EFE /* Award.swift in Sources */ = {isa = PBXBuildFile; fileRef = C662C95D2A69773F00D48EFE /* Award.swift */; };
		C662C9602A69778E00D48EFE /* AwardsView.swift in Sources */ = {isa = PBXBuildFile; fileRef = C662C95F2A69778E00D48EFE /* AwardsView.swift */; };
		C6765B122ABB26540079BBBE /* SidebarViewModel.swift in Sources */ = {isa = PBXBuildFile; fileRef = C6765B112ABB26540079BBBE /* SidebarViewModel.swift */; };
		C67FD4A82AE3B7E900F31A0E /* ContentViewModel.swift in Sources */ = {isa = PBXBuildFile; fileRef = C67FD4A72AE3B7E900F31A0E /* ContentViewModel.swift */; };
		C67FD4AA2AE3BA2900F31A0E /* IssueRowViewModel.swift in Sources */ = {isa = PBXBuildFile; fileRef = C67FD4A92AE3BA2900F31A0E /* IssueRowViewModel.swift */; };
		C6DC5C7D2A6BB9C500512469 /* Localizable.strings in Resources */ = {isa = PBXBuildFile; fileRef = C6DC5C7F2A6BB9C500512469 /* Localizable.strings */; };
		C6DC5C822A6BBA8F00512469 /* Localizable.stringsdict in Resources */ = {isa = PBXBuildFile; fileRef = C6DC5C842A6BBA8F00512469 /* Localizable.stringsdict */; };
		C6DC5C862A6BC0F700512469 /* Awards.json in Resources */ = {isa = PBXBuildFile; fileRef = C6DC5C882A6BC0F700512469 /* Awards.json */; };
		C6DC5C8D2A6C0B5B00512469 /* SidebarViewToolbar.swift in Sources */ = {isa = PBXBuildFile; fileRef = C6DC5C8C2A6C0B5B00512469 /* SidebarViewToolbar.swift */; };
		C6DC5C8F2A6C0DBD00512469 /* IssueViewToolbar.swift in Sources */ = {isa = PBXBuildFile; fileRef = C6DC5C8E2A6C0DBD00512469 /* IssueViewToolbar.swift */; };
		C6DC5C912A6C0ED100512469 /* ContentViewToolbar.swift in Sources */ = {isa = PBXBuildFile; fileRef = C6DC5C902A6C0ED100512469 /* ContentViewToolbar.swift */; };
		C6DC5C932A6C100800512469 /* TagsMenuView.swift in Sources */ = {isa = PBXBuildFile; fileRef = C6DC5C922A6C100800512469 /* TagsMenuView.swift */; };
		C6DC5C952A6C11E300512469 /* SmartFilterRow.swift in Sources */ = {isa = PBXBuildFile; fileRef = C6DC5C942A6C11E300512469 /* SmartFilterRow.swift */; };
		C6DC5C972A6C12B500512469 /* UserFilterRow.swift in Sources */ = {isa = PBXBuildFile; fileRef = C6DC5C962A6C12B500512469 /* UserFilterRow.swift */; };
		C6DC5CA82A6D515400512469 /* MyPortfolioTests.swift in Sources */ = {isa = PBXBuildFile; fileRef = C6DC5CA72A6D515400512469 /* MyPortfolioTests.swift */; };
		C6DC5CB02A6D57E100512469 /* AssetTests.swift in Sources */ = {isa = PBXBuildFile; fileRef = C6DC5CAF2A6D57E100512469 /* AssetTests.swift */; };
		C6DC5CB22A6D5C1500512469 /* TagTests.swift in Sources */ = {isa = PBXBuildFile; fileRef = C6DC5CB12A6D5C1500512469 /* TagTests.swift */; };
		C6DC5CB42A6D602700512469 /* AwardTests.swift in Sources */ = {isa = PBXBuildFile; fileRef = C6DC5CB32A6D602700512469 /* AwardTests.swift */; };
		C6DC5CB62A6E62A800512469 /* DevelopmentTests.swift in Sources */ = {isa = PBXBuildFile; fileRef = C6DC5CB52A6E62A800512469 /* DevelopmentTests.swift */; };
		C6DC5CC32A6E7BE800512469 /* PerformanceTests.swift in Sources */ = {isa = PBXBuildFile; fileRef = C6DC5CC22A6E7BE800512469 /* PerformanceTests.swift */; };
/* End PBXBuildFile section */

/* Begin PBXContainerItemProxy section */
		C626E0932A93A3D100E1C28A /* PBXContainerItemProxy */ = {
			isa = PBXContainerItemProxy;
			containerPortal = C662C8F62A65266100D48EFE /* Project object */;
			proxyType = 1;
			remoteGlobalIDString = C662C8FD2A65266100D48EFE;
			remoteInfo = MyPortfolio;
		};
		C6DC5CA92A6D515400512469 /* PBXContainerItemProxy */ = {
			isa = PBXContainerItemProxy;
			containerPortal = C662C8F62A65266100D48EFE /* Project object */;
			proxyType = 1;
			remoteGlobalIDString = C662C8FD2A65266100D48EFE;
			remoteInfo = MyPortfolio;
		};
/* End PBXContainerItemProxy section */

/* Begin PBXFileReference section */
		C60F3E542A95F09B00832107 /* MyPortfolioUITests.xctestplan */ = {isa = PBXFileReference; lastKnownFileType = text; name = MyPortfolioUITests.xctestplan; path = MyPortfolioUITests/MyPortfolioUITests.xctestplan; sourceTree = "<group>"; };
		C626E08D2A93A3D000E1C28A /* MyPortfolioUITests.xctest */ = {isa = PBXFileReference; explicitFileType = wrapper.cfbundle; includeInIndex = 0; path = MyPortfolioUITests.xctest; sourceTree = BUILT_PRODUCTS_DIR; };
		C626E08F2A93A3D100E1C28A /* MyPortfolioUITests.swift */ = {isa = PBXFileReference; lastKnownFileType = sourcecode.swift; path = MyPortfolioUITests.swift; sourceTree = "<group>"; };
		C626E0912A93A3D100E1C28A /* MyPortfolioUITestsLaunchTests.swift */ = {isa = PBXFileReference; lastKnownFileType = sourcecode.swift; path = MyPortfolioUITestsLaunchTests.swift; sourceTree = "<group>"; };
		C642C9092AEBB7B10064484D /* DataController-Notifications.swift */ = {isa = PBXFileReference; lastKnownFileType = sourcecode.swift; path = "DataController-Notifications.swift"; sourceTree = "<group>"; };
		C662C8FE2A65266100D48EFE /* MyPortfolio.app */ = {isa = PBXFileReference; explicitFileType = wrapper.application; includeInIndex = 0; path = MyPortfolio.app; sourceTree = BUILT_PRODUCTS_DIR; };
		C662C9012A65266100D48EFE /* MyPortfolioApp.swift */ = {isa = PBXFileReference; lastKnownFileType = sourcecode.swift; path = MyPortfolioApp.swift; sourceTree = "<group>"; };
		C662C9032A65266100D48EFE /* ContentView.swift */ = {isa = PBXFileReference; lastKnownFileType = sourcecode.swift; path = ContentView.swift; sourceTree = "<group>"; };
		C662C9052A65266200D48EFE /* Assets.xcassets */ = {isa = PBXFileReference; lastKnownFileType = folder.assetcatalog; path = Assets.xcassets; sourceTree = "<group>"; };
		C662C9072A65266200D48EFE /* MyPortfolio.entitlements */ = {isa = PBXFileReference; lastKnownFileType = text.plist.entitlements; path = MyPortfolio.entitlements; sourceTree = "<group>"; };
		C662C9092A65266200D48EFE /* Preview Assets.xcassets */ = {isa = PBXFileReference; lastKnownFileType = folder.assetcatalog; path = "Preview Assets.xcassets"; sourceTree = "<group>"; };
		C662C9112A65293100D48EFE /* Main.xcdatamodel */ = {isa = PBXFileReference; lastKnownFileType = wrapper.xcdatamodel; path = Main.xcdatamodel; sourceTree = "<group>"; };
		C662C9132A6572C800D48EFE /* DataController.swift */ = {isa = PBXFileReference; lastKnownFileType = sourcecode.swift; path = DataController.swift; sourceTree = "<group>"; };
		C662C9152A657CD600D48EFE /* Info.plist */ = {isa = PBXFileReference; lastKnownFileType = text.plist.xml; path = Info.plist; sourceTree = "<group>"; };
		C662C9362A66C4FB00D48EFE /* SidebarView.swift */ = {isa = PBXFileReference; lastKnownFileType = sourcecode.swift; path = SidebarView.swift; sourceTree = "<group>"; };
		C662C9382A66C50700D48EFE /* DetailView.swift */ = {isa = PBXFileReference; lastKnownFileType = sourcecode.swift; path = DetailView.swift; sourceTree = "<group>"; };
		C662C93A2A66C6AF00D48EFE /* Filter.swift */ = {isa = PBXFileReference; lastKnownFileType = sourcecode.swift; path = Filter.swift; sourceTree = "<group>"; };
		C662C9442A67BFFC00D48EFE /* Issue-CoreDataHelpers.swift */ = {isa = PBXFileReference; lastKnownFileType = sourcecode.swift; path = "Issue-CoreDataHelpers.swift"; sourceTree = "<group>"; };
		C662C9462A67C15700D48EFE /* Tag-CoreDataHelpers.swift */ = {isa = PBXFileReference; lastKnownFileType = sourcecode.swift; path = "Tag-CoreDataHelpers.swift"; sourceTree = "<group>"; };
		C662C9482A67C94900D48EFE /* IssueRow.swift */ = {isa = PBXFileReference; lastKnownFileType = sourcecode.swift; path = IssueRow.swift; sourceTree = "<group>"; };
		C662C94A2A67D9C500D48EFE /* IssueView.swift */ = {isa = PBXFileReference; lastKnownFileType = sourcecode.swift; path = IssueView.swift; sourceTree = "<group>"; };
		C662C94D2A67D9E600D48EFE /* NoIssueView.swift */ = {isa = PBXFileReference; lastKnownFileType = sourcecode.swift; path = NoIssueView.swift; sourceTree = "<group>"; };
		C662C9512A69720000D48EFE /* Bundle-Decodable.swift */ = {isa = PBXFileReference; lastKnownFileType = sourcecode.swift; path = "Bundle-Decodable.swift"; sourceTree = "<group>"; };
		C662C95A2A69771E00D48EFE /* Colors.xcassets */ = {isa = PBXFileReference; lastKnownFileType = folder.assetcatalog; path = Colors.xcassets; sourceTree = "<group>"; };
		C662C95D2A69773F00D48EFE /* Award.swift */ = {isa = PBXFileReference; lastKnownFileType = sourcecode.swift; path = Award.swift; sourceTree = "<group>"; };
		C662C95F2A69778E00D48EFE /* AwardsView.swift */ = {isa = PBXFileReference; lastKnownFileType = sourcecode.swift; path = AwardsView.swift; sourceTree = "<group>"; };
		C6765B112ABB26540079BBBE /* SidebarViewModel.swift */ = {isa = PBXFileReference; lastKnownFileType = sourcecode.swift; path = SidebarViewModel.swift; sourceTree = "<group>"; };
		C67FD4A72AE3B7E900F31A0E /* ContentViewModel.swift */ = {isa = PBXFileReference; lastKnownFileType = sourcecode.swift; path = ContentViewModel.swift; sourceTree = "<group>"; };
		C67FD4A92AE3BA2900F31A0E /* IssueRowViewModel.swift */ = {isa = PBXFileReference; lastKnownFileType = sourcecode.swift; path = IssueRowViewModel.swift; sourceTree = "<group>"; };
		C6DC5C7E2A6BB9C500512469 /* en */ = {isa = PBXFileReference; lastKnownFileType = text.plist.strings; name = en; path = en.lproj/Localizable.strings; sourceTree = "<group>"; };
		C6DC5C812A6BB9ED00512469 /* ja */ = {isa = PBXFileReference; lastKnownFileType = text.plist.strings; name = ja; path = ja.lproj/Localizable.strings; sourceTree = "<group>"; };
		C6DC5C832A6BBA8F00512469 /* en */ = {isa = PBXFileReference; lastKnownFileType = text.plist.stringsdict; name = en; path = en.lproj/Localizable.stringsdict; sourceTree = "<group>"; };
		C6DC5C852A6BBA9200512469 /* ja */ = {isa = PBXFileReference; lastKnownFileType = text.plist.stringsdict; name = ja; path = ja.lproj/Localizable.stringsdict; sourceTree = "<group>"; };
		C6DC5C872A6BC0F700512469 /* en */ = {isa = PBXFileReference; lastKnownFileType = text.json; name = en; path = en.lproj/Awards.json; sourceTree = "<group>"; };
		C6DC5C892A6BC0F900512469 /* ja */ = {isa = PBXFileReference; lastKnownFileType = text.json; name = ja; path = ja.lproj/Awards.json; sourceTree = "<group>"; };
		C6DC5C8C2A6C0B5B00512469 /* SidebarViewToolbar.swift */ = {isa = PBXFileReference; lastKnownFileType = sourcecode.swift; path = SidebarViewToolbar.swift; sourceTree = "<group>"; };
		C6DC5C8E2A6C0DBD00512469 /* IssueViewToolbar.swift */ = {isa = PBXFileReference; lastKnownFileType = sourcecode.swift; path = IssueViewToolbar.swift; sourceTree = "<group>"; };
		C6DC5C902A6C0ED100512469 /* ContentViewToolbar.swift */ = {isa = PBXFileReference; lastKnownFileType = sourcecode.swift; path = ContentViewToolbar.swift; sourceTree = "<group>"; };
		C6DC5C922A6C100800512469 /* TagsMenuView.swift */ = {isa = PBXFileReference; lastKnownFileType = sourcecode.swift; path = TagsMenuView.swift; sourceTree = "<group>"; };
		C6DC5C942A6C11E300512469 /* SmartFilterRow.swift */ = {isa = PBXFileReference; lastKnownFileType = sourcecode.swift; path = SmartFilterRow.swift; sourceTree = "<group>"; };
		C6DC5C962A6C12B500512469 /* UserFilterRow.swift */ = {isa = PBXFileReference; lastKnownFileType = sourcecode.swift; path = UserFilterRow.swift; sourceTree = "<group>"; };
		C6DC5CA52A6D515400512469 /* MyPortfolioTests.xctest */ = {isa = PBXFileReference; explicitFileType = wrapper.cfbundle; includeInIndex = 0; path = MyPortfolioTests.xctest; sourceTree = BUILT_PRODUCTS_DIR; };
		C6DC5CA72A6D515400512469 /* MyPortfolioTests.swift */ = {isa = PBXFileReference; lastKnownFileType = sourcecode.swift; path = MyPortfolioTests.swift; sourceTree = "<group>"; };
		C6DC5CAE2A6D545600512469 /* TestPlan.xctestplan */ = {isa = PBXFileReference; lastKnownFileType = text; path = TestPlan.xctestplan; sourceTree = "<group>"; };
		C6DC5CAF2A6D57E100512469 /* AssetTests.swift */ = {isa = PBXFileReference; lastKnownFileType = sourcecode.swift; name = AssetTests.swift; path = MyPortfolio/Issues/AssetTests.swift; sourceTree = SOURCE_ROOT; };
		C6DC5CB12A6D5C1500512469 /* TagTests.swift */ = {isa = PBXFileReference; lastKnownFileType = sourcecode.swift; path = TagTests.swift; sourceTree = "<group>"; };
		C6DC5CB32A6D602700512469 /* AwardTests.swift */ = {isa = PBXFileReference; lastKnownFileType = sourcecode.swift; path = AwardTests.swift; sourceTree = "<group>"; };
		C6DC5CB52A6E62A800512469 /* DevelopmentTests.swift */ = {isa = PBXFileReference; lastKnownFileType = sourcecode.swift; path = DevelopmentTests.swift; sourceTree = "<group>"; };
		C6DC5CC22A6E7BE800512469 /* PerformanceTests.swift */ = {isa = PBXFileReference; lastKnownFileType = sourcecode.swift; path = PerformanceTests.swift; sourceTree = "<group>"; };
/* End PBXFileReference section */

/* Begin PBXFrameworksBuildPhase section */
		C626E08A2A93A3D000E1C28A /* Frameworks */ = {
			isa = PBXFrameworksBuildPhase;
			buildActionMask = 2147483647;
			files = (
			);
			runOnlyForDeploymentPostprocessing = 0;
		};
		C662C8FB2A65266100D48EFE /* Frameworks */ = {
			isa = PBXFrameworksBuildPhase;
			buildActionMask = 2147483647;
			files = (
			);
			runOnlyForDeploymentPostprocessing = 0;
		};
		C6DC5CA22A6D515400512469 /* Frameworks */ = {
			isa = PBXFrameworksBuildPhase;
			buildActionMask = 2147483647;
			files = (
			);
			runOnlyForDeploymentPostprocessing = 0;
		};
/* End PBXFrameworksBuildPhase section */

/* Begin PBXGroup section */
		C626E08E2A93A3D100E1C28A /* MyPortfolioUITests */ = {
			isa = PBXGroup;
			children = (
				C626E08F2A93A3D100E1C28A /* MyPortfolioUITests.swift */,
				C626E0912A93A3D100E1C28A /* MyPortfolioUITestsLaunchTests.swift */,
			);
			path = MyPortfolioUITests;
			sourceTree = "<group>";
		};
		C662C8F52A65266100D48EFE = {
			isa = PBXGroup;
			children = (
				C60F3E542A95F09B00832107 /* MyPortfolioUITests.xctestplan */,
				C662C9002A65266100D48EFE /* MyPortfolio */,
				C6DC5CA62A6D515400512469 /* MyPortfolioTests */,
				C626E08E2A93A3D100E1C28A /* MyPortfolioUITests */,
				C662C8FF2A65266100D48EFE /* Products */,
			);
			sourceTree = "<group>";
		};
		C662C8FF2A65266100D48EFE /* Products */ = {
			isa = PBXGroup;
			children = (
				C662C8FE2A65266100D48EFE /* MyPortfolio.app */,
				C6DC5CA52A6D515400512469 /* MyPortfolioTests.xctest */,
				C626E08D2A93A3D000E1C28A /* MyPortfolioUITests.xctest */,
			);
			name = Products;
			sourceTree = "<group>";
		};
		C662C9002A65266100D48EFE /* MyPortfolio */ = {
			isa = PBXGroup;
			children = (
				C662C9012A65266100D48EFE /* MyPortfolioApp.swift */,
				C662C9132A6572C800D48EFE /* DataController.swift */,
				C6DC5CA02A6D1FE500512469 /* Awards */,
				C6DC5C9F2A6D1FDB00512469 /* Editing */,
				C6DC5C9E2A6D1FD300512469 /* Issues */,
				C6DC5C9D2A6D1FC300512469 /* Filters */,
				C6DC5C9C2A6D1F1200512469 /* Localization */,
				C662C94F2A67DDAC00D48EFE /* Extensions */,
				C6DC5C9B2A6D1D3400512469 /* Configuration */,
				C662C95A2A69771E00D48EFE /* Colors.xcassets */,
				C662C9052A65266200D48EFE /* Assets.xcassets */,
				C662C9082A65266200D48EFE /* Preview Content */,
			);
			path = MyPortfolio;
			sourceTree = "<group>";
		};
		C662C9082A65266200D48EFE /* Preview Content */ = {
			isa = PBXGroup;
			children = (
				C662C9092A65266200D48EFE /* Preview Assets.xcassets */,
			);
			path = "Preview Content";
			sourceTree = "<group>";
		};
		C662C94F2A67DDAC00D48EFE /* Extensions */ = {
			isa = PBXGroup;
			children = (
				C662C9442A67BFFC00D48EFE /* Issue-CoreDataHelpers.swift */,
				C662C9462A67C15700D48EFE /* Tag-CoreDataHelpers.swift */,
				C662C9512A69720000D48EFE /* Bundle-Decodable.swift */,
				C642C9092AEBB7B10064484D /* DataController-Notifications.swift */,
			);
			path = Extensions;
			sourceTree = "<group>";
		};
		C6DC5C9B2A6D1D3400512469 /* Configuration */ = {
			isa = PBXGroup;
			children = (
				C662C9152A657CD600D48EFE /* Info.plist */,
				C662C9072A65266200D48EFE /* MyPortfolio.entitlements */,
				C662C9102A65293100D48EFE /* Main.xcdatamodeld */,
			);
			path = Configuration;
			sourceTree = "<group>";
		};
		C6DC5C9C2A6D1F1200512469 /* Localization */ = {
			isa = PBXGroup;
			children = (
				C6DC5C842A6BBA8F00512469 /* Localizable.stringsdict */,
				C6DC5C7F2A6BB9C500512469 /* Localizable.strings */,
			);
			path = Localization;
			sourceTree = "<group>";
		};
		C6DC5C9D2A6D1FC300512469 /* Filters */ = {
			isa = PBXGroup;
			children = (
				C662C93A2A66C6AF00D48EFE /* Filter.swift */,
				C662C9362A66C4FB00D48EFE /* SidebarView.swift */,
				C6DC5C8C2A6C0B5B00512469 /* SidebarViewToolbar.swift */,
				C6DC5C942A6C11E300512469 /* SmartFilterRow.swift */,
				C6DC5C962A6C12B500512469 /* UserFilterRow.swift */,
				C6765B112ABB26540079BBBE /* SidebarViewModel.swift */,
			);
			path = Filters;
			sourceTree = "<group>";
		};
		C6DC5C9E2A6D1FD300512469 /* Issues */ = {
			isa = PBXGroup;
			children = (
				C662C9032A65266100D48EFE /* ContentView.swift */,
				C67FD4A72AE3B7E900F31A0E /* ContentViewModel.swift */,
				C6DC5C902A6C0ED100512469 /* ContentViewToolbar.swift */,
				C67FD4A92AE3BA2900F31A0E /* IssueRowViewModel.swift */,
				C662C9482A67C94900D48EFE /* IssueRow.swift */,
			);
			path = Issues;
			sourceTree = "<group>";
		};
		C6DC5C9F2A6D1FDB00512469 /* Editing */ = {
			isa = PBXGroup;
			children = (
				C662C9382A66C50700D48EFE /* DetailView.swift */,
				C662C94A2A67D9C500D48EFE /* IssueView.swift */,
				C6DC5C922A6C100800512469 /* TagsMenuView.swift */,
				C6DC5C8E2A6C0DBD00512469 /* IssueViewToolbar.swift */,
				C662C94D2A67D9E600D48EFE /* NoIssueView.swift */,
			);
			path = Editing;
			sourceTree = "<group>";
		};
		C6DC5CA02A6D1FE500512469 /* Awards */ = {
			isa = PBXGroup;
			children = (
				C662C95F2A69778E00D48EFE /* AwardsView.swift */,
				C662C95D2A69773F00D48EFE /* Award.swift */,
				C6DC5C882A6BC0F700512469 /* Awards.json */,
			);
			path = Awards;
			sourceTree = "<group>";
		};
		C6DC5CA62A6D515400512469 /* MyPortfolioTests */ = {
			isa = PBXGroup;
			children = (
				C6DC5CB12A6D5C1500512469 /* TagTests.swift */,
				C6DC5CB52A6E62A800512469 /* DevelopmentTests.swift */,
				C6DC5CB32A6D602700512469 /* AwardTests.swift */,
				C6DC5CC22A6E7BE800512469 /* PerformanceTests.swift */,
				C6DC5CAF2A6D57E100512469 /* AssetTests.swift */,
				C6DC5CA72A6D515400512469 /* MyPortfolioTests.swift */,
				C6DC5CAE2A6D545600512469 /* TestPlan.xctestplan */,
			);
			path = MyPortfolioTests;
			sourceTree = "<group>";
		};
/* End PBXGroup section */

/* Begin PBXNativeTarget section */
		C626E08C2A93A3D000E1C28A /* MyPortfolioUITests */ = {
			isa = PBXNativeTarget;
			buildConfigurationList = C626E0952A93A3D100E1C28A /* Build configuration list for PBXNativeTarget "MyPortfolioUITests" */;
			buildPhases = (
				C626E0892A93A3D000E1C28A /* Sources */,
				C626E08A2A93A3D000E1C28A /* Frameworks */,
				C626E08B2A93A3D000E1C28A /* Resources */,
			);
			buildRules = (
			);
			dependencies = (
				C626E0942A93A3D100E1C28A /* PBXTargetDependency */,
			);
			name = MyPortfolioUITests;
			productName = MyPortfolioUITests;
			productReference = C626E08D2A93A3D000E1C28A /* MyPortfolioUITests.xctest */;
			productType = "com.apple.product-type.bundle.ui-testing";
		};
		C662C8FD2A65266100D48EFE /* MyPortfolio */ = {
			isa = PBXNativeTarget;
			buildConfigurationList = C662C90D2A65266200D48EFE /* Build configuration list for PBXNativeTarget "MyPortfolio" */;
			buildPhases = (
				C662C8FA2A65266100D48EFE /* Sources */,
				C662C8FB2A65266100D48EFE /* Frameworks */,
				C662C8FC2A65266100D48EFE /* Resources */,
				C6DC5C982A6CD9F300512469 /* SwiftLint */,
			);
			buildRules = (
			);
			dependencies = (
			);
			name = MyPortfolio;
			productName = MyPortfolio;
			productReference = C662C8FE2A65266100D48EFE /* MyPortfolio.app */;
			productType = "com.apple.product-type.application";
		};
		C6DC5CA42A6D515400512469 /* MyPortfolioTests */ = {
			isa = PBXNativeTarget;
			buildConfigurationList = C6DC5CAB2A6D515400512469 /* Build configuration list for PBXNativeTarget "MyPortfolioTests" */;
			buildPhases = (
				C6DC5CA12A6D515400512469 /* Sources */,
				C6DC5CA22A6D515400512469 /* Frameworks */,
				C6DC5CA32A6D515400512469 /* Resources */,
			);
			buildRules = (
			);
			dependencies = (
				C6DC5CAA2A6D515400512469 /* PBXTargetDependency */,
			);
			name = MyPortfolioTests;
			productName = MyPortfolioTests;
			productReference = C6DC5CA52A6D515400512469 /* MyPortfolioTests.xctest */;
			productType = "com.apple.product-type.bundle.unit-test";
		};
/* End PBXNativeTarget section */

/* Begin PBXProject section */
		C662C8F62A65266100D48EFE /* Project object */ = {
			isa = PBXProject;
			attributes = {
				BuildIndependentTargetsInParallel = 1;
				LastSwiftUpdateCheck = 1430;
				LastUpgradeCheck = 1430;
				TargetAttributes = {
					C626E08C2A93A3D000E1C28A = {
						CreatedOnToolsVersion = 14.3.1;
						TestTargetID = C662C8FD2A65266100D48EFE;
					};
					C662C8FD2A65266100D48EFE = {
						CreatedOnToolsVersion = 14.2;
					};
					C6DC5CA42A6D515400512469 = {
						CreatedOnToolsVersion = 14.2;
						TestTargetID = C662C8FD2A65266100D48EFE;
					};
				};
			};
			buildConfigurationList = C662C8F92A65266100D48EFE /* Build configuration list for PBXProject "MyPortfolio" */;
			compatibilityVersion = "Xcode 14.0";
			developmentRegion = en;
			hasScannedForEncodings = 0;
			knownRegions = (
				en,
				Base,
				ja,
			);
			mainGroup = C662C8F52A65266100D48EFE;
			productRefGroup = C662C8FF2A65266100D48EFE /* Products */;
			projectDirPath = "";
			projectRoot = "";
			targets = (
				C662C8FD2A65266100D48EFE /* MyPortfolio */,
				C6DC5CA42A6D515400512469 /* MyPortfolioTests */,
				C626E08C2A93A3D000E1C28A /* MyPortfolioUITests */,
			);
		};
/* End PBXProject section */

/* Begin PBXResourcesBuildPhase section */
		C626E08B2A93A3D000E1C28A /* Resources */ = {
			isa = PBXResourcesBuildPhase;
			buildActionMask = 2147483647;
			files = (
			);
			runOnlyForDeploymentPostprocessing = 0;
		};
		C662C8FC2A65266100D48EFE /* Resources */ = {
			isa = PBXResourcesBuildPhase;
			buildActionMask = 2147483647;
			files = (
				C6DC5C7D2A6BB9C500512469 /* Localizable.strings in Resources */,
				C662C90A2A65266200D48EFE /* Preview Assets.xcassets in Resources */,
				C662C95C2A69771E00D48EFE /* Colors.xcassets in Resources */,
				C6DC5C862A6BC0F700512469 /* Awards.json in Resources */,
				C662C9062A65266200D48EFE /* Assets.xcassets in Resources */,
				C6DC5C822A6BBA8F00512469 /* Localizable.stringsdict in Resources */,
			);
			runOnlyForDeploymentPostprocessing = 0;
		};
		C6DC5CA32A6D515400512469 /* Resources */ = {
			isa = PBXResourcesBuildPhase;
			buildActionMask = 2147483647;
			files = (
			);
			runOnlyForDeploymentPostprocessing = 0;
		};
/* End PBXResourcesBuildPhase section */

/* Begin PBXShellScriptBuildPhase section */
		C6DC5C982A6CD9F300512469 /* SwiftLint */ = {
			isa = PBXShellScriptBuildPhase;
			alwaysOutOfDate = 1;
			buildActionMask = 2147483647;
			files = (
			);
			inputFileListPaths = (
			);
			inputPaths = (
			);
			name = SwiftLint;
			outputFileListPaths = (
			);
			outputPaths = (
			);
			runOnlyForDeploymentPostprocessing = 0;
			shellPath = /bin/sh;
			shellScript = "\nif [[ \"$(uname -m)\" == arm64 ]]; then\n    export PATH=\"/opt/homebrew/bin:$PATH\"\nfi\n\nif which swiftlint > /dev/null; then\n  swiftlint\nelse\n  echo \"warning: SwiftLint not installed, download from https://github.com/realm/SwiftLint\"\nfi\n";
		};
/* End PBXShellScriptBuildPhase section */

/* Begin PBXSourcesBuildPhase section */
		C626E0892A93A3D000E1C28A /* Sources */ = {
			isa = PBXSourcesBuildPhase;
			buildActionMask = 2147483647;
			files = (
				C626E0902A93A3D100E1C28A /* MyPortfolioUITests.swift in Sources */,
				C626E0922A93A3D100E1C28A /* MyPortfolioUITestsLaunchTests.swift in Sources */,
			);
			runOnlyForDeploymentPostprocessing = 0;
		};
		C662C8FA2A65266100D48EFE /* Sources */ = {
			isa = PBXSourcesBuildPhase;
			buildActionMask = 2147483647;
			files = (
				C662C93B2A66C6AF00D48EFE /* Filter.swift in Sources */,
				C6DC5C932A6C100800512469 /* TagsMenuView.swift in Sources */,
				C662C95E2A69773F00D48EFE /* Award.swift in Sources */,
				C6DC5C8F2A6C0DBD00512469 /* IssueViewToolbar.swift in Sources */,
				C6DC5C952A6C11E300512469 /* SmartFilterRow.swift in Sources */,
				C662C9602A69778E00D48EFE /* AwardsView.swift in Sources */,
				C642C90A2AEBB7B10064484D /* DataController-Notifications.swift in Sources */,
				C662C9472A67C15700D48EFE /* Tag-CoreDataHelpers.swift in Sources */,
				C662C9122A65293100D48EFE /* Main.xcdatamodeld in Sources */,
				C662C9452A67BFFC00D48EFE /* Issue-CoreDataHelpers.swift in Sources */,
				C662C9522A69720000D48EFE /* Bundle-Decodable.swift in Sources */,
				C662C9392A66C50700D48EFE /* DetailView.swift in Sources */,
				C6765B122ABB26540079BBBE /* SidebarViewModel.swift in Sources */,
				C67FD4A82AE3B7E900F31A0E /* ContentViewModel.swift in Sources */,
				C662C9142A6572C800D48EFE /* DataController.swift in Sources */,
				C6DC5C912A6C0ED100512469 /* ContentViewToolbar.swift in Sources */,
				C662C9372A66C4FB00D48EFE /* SidebarView.swift in Sources */,
				C662C9042A65266100D48EFE /* ContentView.swift in Sources */,
				C6DC5C8D2A6C0B5B00512469 /* SidebarViewToolbar.swift in Sources */,
				C662C94B2A67D9C500D48EFE /* IssueView.swift in Sources */,
				C6DC5C972A6C12B500512469 /* UserFilterRow.swift in Sources */,
				C662C94E2A67D9E600D48EFE /* NoIssueView.swift in Sources */,
				C662C9492A67C94900D48EFE /* IssueRow.swift in Sources */,
				C662C9022A65266100D48EFE /* MyPortfolioApp.swift in Sources */,
				C67FD4AA2AE3BA2900F31A0E /* IssueRowViewModel.swift in Sources */,
			);
			runOnlyForDeploymentPostprocessing = 0;
		};
		C6DC5CA12A6D515400512469 /* Sources */ = {
			isa = PBXSourcesBuildPhase;
			buildActionMask = 2147483647;
			files = (
				C6DC5CB02A6D57E100512469 /* AssetTests.swift in Sources */,
				C6DC5CB42A6D602700512469 /* AwardTests.swift in Sources */,
				C6DC5CC32A6E7BE800512469 /* PerformanceTests.swift in Sources */,
				C6DC5CB22A6D5C1500512469 /* TagTests.swift in Sources */,
				C6DC5CA82A6D515400512469 /* MyPortfolioTests.swift in Sources */,
				C6DC5CB62A6E62A800512469 /* DevelopmentTests.swift in Sources */,
			);
			runOnlyForDeploymentPostprocessing = 0;
		};
/* End PBXSourcesBuildPhase section */

/* Begin PBXTargetDependency section */
		C626E0942A93A3D100E1C28A /* PBXTargetDependency */ = {
			isa = PBXTargetDependency;
			target = C662C8FD2A65266100D48EFE /* MyPortfolio */;
			targetProxy = C626E0932A93A3D100E1C28A /* PBXContainerItemProxy */;
		};
		C6DC5CAA2A6D515400512469 /* PBXTargetDependency */ = {
			isa = PBXTargetDependency;
			target = C662C8FD2A65266100D48EFE /* MyPortfolio */;
			targetProxy = C6DC5CA92A6D515400512469 /* PBXContainerItemProxy */;
		};
/* End PBXTargetDependency section */

/* Begin PBXVariantGroup section */
		C6DC5C7F2A6BB9C500512469 /* Localizable.strings */ = {
			isa = PBXVariantGroup;
			children = (
				C6DC5C7E2A6BB9C500512469 /* en */,
				C6DC5C812A6BB9ED00512469 /* ja */,
			);
			name = Localizable.strings;
			sourceTree = "<group>";
		};
		C6DC5C842A6BBA8F00512469 /* Localizable.stringsdict */ = {
			isa = PBXVariantGroup;
			children = (
				C6DC5C832A6BBA8F00512469 /* en */,
				C6DC5C852A6BBA9200512469 /* ja */,
			);
			name = Localizable.stringsdict;
			sourceTree = "<group>";
		};
		C6DC5C882A6BC0F700512469 /* Awards.json */ = {
			isa = PBXVariantGroup;
			children = (
				C6DC5C872A6BC0F700512469 /* en */,
				C6DC5C892A6BC0F900512469 /* ja */,
			);
			name = Awards.json;
			sourceTree = "<group>";
		};
/* End PBXVariantGroup section */

/* Begin XCBuildConfiguration section */
		C626E0962A93A3D100E1C28A /* Debug */ = {
			isa = XCBuildConfiguration;
			buildSettings = {
				CODE_SIGN_STYLE = Automatic;
				CURRENT_PROJECT_VERSION = 1;
				DEVELOPMENT_TEAM = T58Z8DUFMC;
				GENERATE_INFOPLIST_FILE = YES;
				IPHONEOS_DEPLOYMENT_TARGET = 16.4;
				"IPHONEOS_DEPLOYMENT_TARGET[sdk=macosx*]" = 16.4;
				MARKETING_VERSION = 1.0;
				PRODUCT_BUNDLE_IDENTIFIER = com.taiseishinoda.MyPortfolioUITests;
				PRODUCT_NAME = "$(TARGET_NAME)";
				SDKROOT = iphoneos;
				SWIFT_EMIT_LOC_STRINGS = NO;
				SWIFT_VERSION = 5.0;
				TARGETED_DEVICE_FAMILY = "1,2";
				TEST_TARGET_NAME = MyPortfolio;
			};
			name = Debug;
		};
		C626E0972A93A3D100E1C28A /* Release */ = {
			isa = XCBuildConfiguration;
			buildSettings = {
				CODE_SIGN_STYLE = Automatic;
				CURRENT_PROJECT_VERSION = 1;
				DEVELOPMENT_TEAM = T58Z8DUFMC;
				GENERATE_INFOPLIST_FILE = YES;
				IPHONEOS_DEPLOYMENT_TARGET = 16.4;
				MARKETING_VERSION = 1.0;
				PRODUCT_BUNDLE_IDENTIFIER = com.taiseishinoda.MyPortfolioUITests;
				PRODUCT_NAME = "$(TARGET_NAME)";
				SDKROOT = iphoneos;
				SWIFT_EMIT_LOC_STRINGS = NO;
				SWIFT_VERSION = 5.0;
				TARGETED_DEVICE_FAMILY = "1,2";
				TEST_TARGET_NAME = MyPortfolio;
				VALIDATE_PRODUCT = YES;
			};
			name = Release;
		};
		C662C90B2A65266200D48EFE /* Debug */ = {
			isa = XCBuildConfiguration;
			buildSettings = {
				ALWAYS_SEARCH_USER_PATHS = NO;
				CLANG_ANALYZER_LOCALIZABILITY_NONLOCALIZED = YES;
				CLANG_ANALYZER_NONNULL = YES;
				CLANG_ANALYZER_NUMBER_OBJECT_CONVERSION = YES_AGGRESSIVE;
				CLANG_CXX_LANGUAGE_STANDARD = "gnu++20";
				CLANG_ENABLE_MODULES = YES;
				CLANG_ENABLE_OBJC_ARC = YES;
				CLANG_ENABLE_OBJC_WEAK = YES;
				CLANG_WARN_BLOCK_CAPTURE_AUTORELEASING = YES;
				CLANG_WARN_BOOL_CONVERSION = YES;
				CLANG_WARN_COMMA = YES;
				CLANG_WARN_CONSTANT_CONVERSION = YES;
				CLANG_WARN_DEPRECATED_OBJC_IMPLEMENTATIONS = YES;
				CLANG_WARN_DIRECT_OBJC_ISA_USAGE = YES_ERROR;
				CLANG_WARN_DOCUMENTATION_COMMENTS = YES;
				CLANG_WARN_EMPTY_BODY = YES;
				CLANG_WARN_ENUM_CONVERSION = YES;
				CLANG_WARN_INFINITE_RECURSION = YES;
				CLANG_WARN_INT_CONVERSION = YES;
				CLANG_WARN_NON_LITERAL_NULL_CONVERSION = YES;
				CLANG_WARN_OBJC_IMPLICIT_RETAIN_SELF = YES;
				CLANG_WARN_OBJC_LITERAL_CONVERSION = YES;
				CLANG_WARN_OBJC_ROOT_CLASS = YES_ERROR;
				CLANG_WARN_QUOTED_INCLUDE_IN_FRAMEWORK_HEADER = YES;
				CLANG_WARN_RANGE_LOOP_ANALYSIS = YES;
				CLANG_WARN_STRICT_PROTOTYPES = YES;
				CLANG_WARN_SUSPICIOUS_MOVE = YES;
				CLANG_WARN_UNGUARDED_AVAILABILITY = YES_AGGRESSIVE;
				CLANG_WARN_UNREACHABLE_CODE = YES;
				CLANG_WARN__DUPLICATE_METHOD_MATCH = YES;
				COPY_PHASE_STRIP = NO;
				DEAD_CODE_STRIPPING = YES;
				DEBUG_INFORMATION_FORMAT = dwarf;
				ENABLE_STRICT_OBJC_MSGSEND = YES;
				ENABLE_TESTABILITY = YES;
				GCC_C_LANGUAGE_STANDARD = gnu11;
				GCC_DYNAMIC_NO_PIC = NO;
				GCC_NO_COMMON_BLOCKS = YES;
				GCC_OPTIMIZATION_LEVEL = 0;
				GCC_PREPROCESSOR_DEFINITIONS = (
					"DEBUG=1",
					"$(inherited)",
				);
				GCC_WARN_64_TO_32_BIT_CONVERSION = YES;
				GCC_WARN_ABOUT_RETURN_TYPE = YES_ERROR;
				GCC_WARN_UNDECLARED_SELECTOR = YES;
				GCC_WARN_UNINITIALIZED_AUTOS = YES_AGGRESSIVE;
				GCC_WARN_UNUSED_FUNCTION = YES;
				GCC_WARN_UNUSED_VARIABLE = YES;
				MTL_ENABLE_DEBUG_INFO = INCLUDE_SOURCE;
				MTL_FAST_MATH = YES;
				ONLY_ACTIVE_ARCH = YES;
				SWIFT_ACTIVE_COMPILATION_CONDITIONS = DEBUG;
				SWIFT_OPTIMIZATION_LEVEL = "-Onone";
			};
			name = Debug;
		};
		C662C90C2A65266200D48EFE /* Release */ = {
			isa = XCBuildConfiguration;
			buildSettings = {
				ALWAYS_SEARCH_USER_PATHS = NO;
				CLANG_ANALYZER_LOCALIZABILITY_NONLOCALIZED = YES;
				CLANG_ANALYZER_NONNULL = YES;
				CLANG_ANALYZER_NUMBER_OBJECT_CONVERSION = YES_AGGRESSIVE;
				CLANG_CXX_LANGUAGE_STANDARD = "gnu++20";
				CLANG_ENABLE_MODULES = YES;
				CLANG_ENABLE_OBJC_ARC = YES;
				CLANG_ENABLE_OBJC_WEAK = YES;
				CLANG_WARN_BLOCK_CAPTURE_AUTORELEASING = YES;
				CLANG_WARN_BOOL_CONVERSION = YES;
				CLANG_WARN_COMMA = YES;
				CLANG_WARN_CONSTANT_CONVERSION = YES;
				CLANG_WARN_DEPRECATED_OBJC_IMPLEMENTATIONS = YES;
				CLANG_WARN_DIRECT_OBJC_ISA_USAGE = YES_ERROR;
				CLANG_WARN_DOCUMENTATION_COMMENTS = YES;
				CLANG_WARN_EMPTY_BODY = YES;
				CLANG_WARN_ENUM_CONVERSION = YES;
				CLANG_WARN_INFINITE_RECURSION = YES;
				CLANG_WARN_INT_CONVERSION = YES;
				CLANG_WARN_NON_LITERAL_NULL_CONVERSION = YES;
				CLANG_WARN_OBJC_IMPLICIT_RETAIN_SELF = YES;
				CLANG_WARN_OBJC_LITERAL_CONVERSION = YES;
				CLANG_WARN_OBJC_ROOT_CLASS = YES_ERROR;
				CLANG_WARN_QUOTED_INCLUDE_IN_FRAMEWORK_HEADER = YES;
				CLANG_WARN_RANGE_LOOP_ANALYSIS = YES;
				CLANG_WARN_STRICT_PROTOTYPES = YES;
				CLANG_WARN_SUSPICIOUS_MOVE = YES;
				CLANG_WARN_UNGUARDED_AVAILABILITY = YES_AGGRESSIVE;
				CLANG_WARN_UNREACHABLE_CODE = YES;
				CLANG_WARN__DUPLICATE_METHOD_MATCH = YES;
				COPY_PHASE_STRIP = NO;
				DEAD_CODE_STRIPPING = YES;
				DEBUG_INFORMATION_FORMAT = "dwarf-with-dsym";
				ENABLE_NS_ASSERTIONS = NO;
				ENABLE_STRICT_OBJC_MSGSEND = YES;
				GCC_C_LANGUAGE_STANDARD = gnu11;
				GCC_NO_COMMON_BLOCKS = YES;
				GCC_WARN_64_TO_32_BIT_CONVERSION = YES;
				GCC_WARN_ABOUT_RETURN_TYPE = YES_ERROR;
				GCC_WARN_UNDECLARED_SELECTOR = YES;
				GCC_WARN_UNINITIALIZED_AUTOS = YES_AGGRESSIVE;
				GCC_WARN_UNUSED_FUNCTION = YES;
				GCC_WARN_UNUSED_VARIABLE = YES;
				MTL_ENABLE_DEBUG_INFO = NO;
				MTL_FAST_MATH = YES;
				SWIFT_COMPILATION_MODE = wholemodule;
				SWIFT_OPTIMIZATION_LEVEL = "-O";
			};
			name = Release;
		};
		C662C90E2A65266200D48EFE /* Debug */ = {
			isa = XCBuildConfiguration;
			buildSettings = {
				ASSETCATALOG_COMPILER_APPICON_NAME = AppIcon;
				ASSETCATALOG_COMPILER_GLOBAL_ACCENT_COLOR_NAME = AccentColor;
				ASSETCATALOG_COMPILER_INCLUDE_ALL_APPICON_ASSETS = NO;
				CODE_SIGN_ENTITLEMENTS = MyPortfolio/Configuration/MyPortfolio.entitlements;
				CODE_SIGN_IDENTITY = "Apple Development";
				CODE_SIGN_STYLE = Automatic;
				CURRENT_PROJECT_VERSION = 1;
				DEAD_CODE_STRIPPING = YES;
				DEVELOPMENT_ASSET_PATHS = "\"MyPortfolio/Preview Content\"";
				DEVELOPMENT_TEAM = T58Z8DUFMC;
				ENABLE_HARDENED_RUNTIME = YES;
				ENABLE_PREVIEWS = YES;
				GENERATE_INFOPLIST_FILE = YES;
				INFOPLIST_FILE = MyPortfolio/Configuration/Info.plist;
				"INFOPLIST_KEY_UIApplicationSceneManifest_Generation[sdk=iphoneos*]" = YES;
				"INFOPLIST_KEY_UIApplicationSceneManifest_Generation[sdk=iphonesimulator*]" = YES;
				"INFOPLIST_KEY_UIApplicationSupportsIndirectInputEvents[sdk=iphoneos*]" = YES;
				"INFOPLIST_KEY_UIApplicationSupportsIndirectInputEvents[sdk=iphonesimulator*]" = YES;
				"INFOPLIST_KEY_UILaunchScreen_Generation[sdk=iphoneos*]" = YES;
				"INFOPLIST_KEY_UILaunchScreen_Generation[sdk=iphonesimulator*]" = YES;
				"INFOPLIST_KEY_UIStatusBarStyle[sdk=iphoneos*]" = UIStatusBarStyleDefault;
				"INFOPLIST_KEY_UIStatusBarStyle[sdk=iphonesimulator*]" = UIStatusBarStyleDefault;
				INFOPLIST_KEY_UISupportedInterfaceOrientations_iPad = "UIInterfaceOrientationPortrait UIInterfaceOrientationPortraitUpsideDown UIInterfaceOrientationLandscapeLeft UIInterfaceOrientationLandscapeRight";
				INFOPLIST_KEY_UISupportedInterfaceOrientations_iPhone = "UIInterfaceOrientationPortrait UIInterfaceOrientationLandscapeLeft UIInterfaceOrientationLandscapeRight";
				IPHONEOS_DEPLOYMENT_TARGET = 16.0;
				LD_RUNPATH_SEARCH_PATHS = "@executable_path/Frameworks";
				"LD_RUNPATH_SEARCH_PATHS[sdk=macosx*]" = "@executable_path/../Frameworks";
				MACOSX_DEPLOYMENT_TARGET = 13.0;
				MARKETING_VERSION = 1.0;
				PRODUCT_BUNDLE_IDENTIFIER = com.taiseishinoda.MyPortfolio;
				PRODUCT_NAME = "$(TARGET_NAME)";
				PROVISIONING_PROFILE_SPECIFIER = "";
				SDKROOT = auto;
				SUPPORTED_PLATFORMS = "iphoneos iphonesimulator macosx";
				SWIFT_EMIT_LOC_STRINGS = YES;
				SWIFT_VERSION = 5.0;
				TARGETED_DEVICE_FAMILY = "1,2";
			};
			name = Debug;
		};
		C662C90F2A65266200D48EFE /* Release */ = {
			isa = XCBuildConfiguration;
			buildSettings = {
				ASSETCATALOG_COMPILER_APPICON_NAME = AppIcon;
				ASSETCATALOG_COMPILER_GLOBAL_ACCENT_COLOR_NAME = AccentColor;
				ASSETCATALOG_COMPILER_INCLUDE_ALL_APPICON_ASSETS = NO;
				CODE_SIGN_ENTITLEMENTS = MyPortfolio/Configuration/MyPortfolio.entitlements;
				CODE_SIGN_IDENTITY = "Apple Development";
				CODE_SIGN_STYLE = Automatic;
				CURRENT_PROJECT_VERSION = 1;
				DEAD_CODE_STRIPPING = YES;
				DEVELOPMENT_ASSET_PATHS = "\"MyPortfolio/Preview Content\"";
				DEVELOPMENT_TEAM = T58Z8DUFMC;
				ENABLE_HARDENED_RUNTIME = YES;
				ENABLE_PREVIEWS = YES;
				GENERATE_INFOPLIST_FILE = YES;
				INFOPLIST_FILE = MyPortfolio/Configuration/Info.plist;
				"INFOPLIST_KEY_UIApplicationSceneManifest_Generation[sdk=iphoneos*]" = YES;
				"INFOPLIST_KEY_UIApplicationSceneManifest_Generation[sdk=iphonesimulator*]" = YES;
				"INFOPLIST_KEY_UIApplicationSupportsIndirectInputEvents[sdk=iphoneos*]" = YES;
				"INFOPLIST_KEY_UIApplicationSupportsIndirectInputEvents[sdk=iphonesimulator*]" = YES;
				"INFOPLIST_KEY_UILaunchScreen_Generation[sdk=iphoneos*]" = YES;
				"INFOPLIST_KEY_UILaunchScreen_Generation[sdk=iphonesimulator*]" = YES;
				"INFOPLIST_KEY_UIStatusBarStyle[sdk=iphoneos*]" = UIStatusBarStyleDefault;
				"INFOPLIST_KEY_UIStatusBarStyle[sdk=iphonesimulator*]" = UIStatusBarStyleDefault;
				INFOPLIST_KEY_UISupportedInterfaceOrientations_iPad = "UIInterfaceOrientationPortrait UIInterfaceOrientationPortraitUpsideDown UIInterfaceOrientationLandscapeLeft UIInterfaceOrientationLandscapeRight";
				INFOPLIST_KEY_UISupportedInterfaceOrientations_iPhone = "UIInterfaceOrientationPortrait UIInterfaceOrientationLandscapeLeft UIInterfaceOrientationLandscapeRight";
				IPHONEOS_DEPLOYMENT_TARGET = 16.0;
				LD_RUNPATH_SEARCH_PATHS = "@executable_path/Frameworks";
				"LD_RUNPATH_SEARCH_PATHS[sdk=macosx*]" = "@executable_path/../Frameworks";
				MACOSX_DEPLOYMENT_TARGET = 13.0;
				MARKETING_VERSION = 1.0;
				PRODUCT_BUNDLE_IDENTIFIER = com.taiseishinoda.MyPortfolio;
				PRODUCT_NAME = "$(TARGET_NAME)";
				PROVISIONING_PROFILE_SPECIFIER = "";
				SDKROOT = auto;
				SUPPORTED_PLATFORMS = "iphoneos iphonesimulator macosx";
				SWIFT_EMIT_LOC_STRINGS = YES;
				SWIFT_VERSION = 5.0;
				TARGETED_DEVICE_FAMILY = "1,2";
			};
			name = Release;
		};
		C6DC5CAC2A6D515400512469 /* Debug */ = {
			isa = XCBuildConfiguration;
			buildSettings = {
				BUNDLE_LOADER = "$(TEST_HOST)";
				CODE_SIGN_STYLE = Automatic;
				CURRENT_PROJECT_VERSION = 1;
				DEVELOPMENT_TEAM = T58Z8DUFMC;
				GENERATE_INFOPLIST_FILE = YES;
				IPHONEOS_DEPLOYMENT_TARGET = 16.2;
				MARKETING_VERSION = 1.0;
				PRODUCT_BUNDLE_IDENTIFIER = com.taiseishinoda.MyPortfolioTests;
				PRODUCT_NAME = "$(TARGET_NAME)";
				SDKROOT = iphoneos;
				SWIFT_EMIT_LOC_STRINGS = NO;
				SWIFT_VERSION = 5.0;
				TARGETED_DEVICE_FAMILY = "1,2";
				TEST_HOST = "$(BUILT_PRODUCTS_DIR)/MyPortfolio.app/$(BUNDLE_EXECUTABLE_FOLDER_PATH)/MyPortfolio";
			};
			name = Debug;
		};
		C6DC5CAD2A6D515400512469 /* Release */ = {
			isa = XCBuildConfiguration;
			buildSettings = {
				BUNDLE_LOADER = "$(TEST_HOST)";
				CODE_SIGN_STYLE = Automatic;
				CURRENT_PROJECT_VERSION = 1;
				DEVELOPMENT_TEAM = T58Z8DUFMC;
				GENERATE_INFOPLIST_FILE = YES;
				IPHONEOS_DEPLOYMENT_TARGET = 16.2;
				MARKETING_VERSION = 1.0;
				PRODUCT_BUNDLE_IDENTIFIER = com.taiseishinoda.MyPortfolioTests;
				PRODUCT_NAME = "$(TARGET_NAME)";
				SDKROOT = iphoneos;
				SWIFT_EMIT_LOC_STRINGS = NO;
				SWIFT_VERSION = 5.0;
				TARGETED_DEVICE_FAMILY = "1,2";
				TEST_HOST = "$(BUILT_PRODUCTS_DIR)/MyPortfolio.app/$(BUNDLE_EXECUTABLE_FOLDER_PATH)/MyPortfolio";
				VALIDATE_PRODUCT = YES;
			};
			name = Release;
		};
/* End XCBuildConfiguration section */

/* Begin XCConfigurationList section */
		C626E0952A93A3D100E1C28A /* Build configuration list for PBXNativeTarget "MyPortfolioUITests" */ = {
			isa = XCConfigurationList;
			buildConfigurations = (
				C626E0962A93A3D100E1C28A /* Debug */,
				C626E0972A93A3D100E1C28A /* Release */,
			);
			defaultConfigurationIsVisible = 0;
			defaultConfigurationName = Release;
		};
		C662C8F92A65266100D48EFE /* Build configuration list for PBXProject "MyPortfolio" */ = {
			isa = XCConfigurationList;
			buildConfigurations = (
				C662C90B2A65266200D48EFE /* Debug */,
				C662C90C2A65266200D48EFE /* Release */,
			);
			defaultConfigurationIsVisible = 0;
			defaultConfigurationName = Release;
		};
		C662C90D2A65266200D48EFE /* Build configuration list for PBXNativeTarget "MyPortfolio" */ = {
			isa = XCConfigurationList;
			buildConfigurations = (
				C662C90E2A65266200D48EFE /* Debug */,
				C662C90F2A65266200D48EFE /* Release */,
			);
			defaultConfigurationIsVisible = 0;
			defaultConfigurationName = Release;
		};
		C6DC5CAB2A6D515400512469 /* Build configuration list for PBXNativeTarget "MyPortfolioTests" */ = {
			isa = XCConfigurationList;
			buildConfigurations = (
				C6DC5CAC2A6D515400512469 /* Debug */,
				C6DC5CAD2A6D515400512469 /* Release */,
			);
			defaultConfigurationIsVisible = 0;
			defaultConfigurationName = Release;
		};
/* End XCConfigurationList section */

/* Begin XCVersionGroup section */
		C662C9102A65293100D48EFE /* Main.xcdatamodeld */ = {
			isa = XCVersionGroup;
			children = (
				C662C9112A65293100D48EFE /* Main.xcdatamodel */,
			);
			currentVersion = C662C9112A65293100D48EFE /* Main.xcdatamodel */;
			path = Main.xcdatamodeld;
			sourceTree = "<group>";
			versionGroupType = wrapper.xcdatamodel;
		};
/* End XCVersionGroup section */
	};
	rootObject = C662C8F62A65266100D48EFE /* Project object */;
}
